
Microsoft Visual Studio Solution File, Format Version 12.00
# Visual Studio 14
VisualStudioVersion = 14.0.25420.1
MinimumVisualStudioVersion = 10.0.40219.1
Project("{FAE04EC0-301F-11D3-BF4B-00C04F79EFBC}") = "WebApplication14", "WebApplication14\WebApplication14.csproj", "{A0307790-9C31-4E52-ADBE-3166D6FC3AFE}"
EndProject
Global
	GlobalSection(SolutionConfigurationPlatforms) = preSolution
		Debug|Any CPU = Debug|Any CPU
		Release|Any CPU = Release|Any CPU
	EndGlobalSection
	GlobalSection(ProjectConfigurationPlatforms) = postSolution
		{A0307790-9C31-4E52-ADBE-3166D6FC3AFE}.Debug|Any CPU.ActiveCfg = Debug|Any CPU
		{A0307790-9C31-4E52-ADBE-3166D6FC3AFE}.Debug|Any CPU.Build.0 = Debug|Any CPU
		{A0307790-9C31-4E52-ADBE-3166D6FC3AFE}.Release|Any CPU.ActiveCfg = Release|Any CPU
		{A0307790-9C31-4E52-ADBE-3166D6FC3AFE}.Release|Any CPU.Build.0 = Release|Any CPU
	EndGlobalSection
	GlobalSection(SolutionProperties) = preSolution
		HideSolutionNode = FALSE
	EndGlobalSection
EndGlobal
